// !$*UTF8*$!
{
	archiveVersion = 1;
	classes = {
	};
	objectVersion = 51;
	objects = {

/* Begin PBXBuildFile section */
		180EC319238D2A5F00C97221 /* CustomNavigationView.swift in Sources */ = {isa = PBXBuildFile; fileRef = 180EC318238D2A5F00C97221 /* CustomNavigationView.swift */; };
		180EC31B238D2A6A00C97221 /* CustomNavigationView.xib in Resources */ = {isa = PBXBuildFile; fileRef = 180EC31A238D2A6A00C97221 /* CustomNavigationView.xib */; };
		18263E4923911152004018A4 /* Constant.swift in Sources */ = {isa = PBXBuildFile; fileRef = 18263E4823911152004018A4 /* Constant.swift */; };
		185C0357238F9CFF0077D2E9 /* CustomTabBarButtonView.xib in Resources */ = {isa = PBXBuildFile; fileRef = 185C0356238F9CFF0077D2E9 /* CustomTabBarButtonView.xib */; };
		185C0359238F9D180077D2E9 /* CustomTabBarButtonView.swift in Sources */ = {isa = PBXBuildFile; fileRef = 185C0358238F9D180077D2E9 /* CustomTabBarButtonView.swift */; };
		1860E33523A391FD005107BB /* LoginViewController.swift in Sources */ = {isa = PBXBuildFile; fileRef = 1860E33423A391FD005107BB /* LoginViewController.swift */; };
		1860E33823A39248005107BB /* FirebaseAPI.swift in Sources */ = {isa = PBXBuildFile; fileRef = 1860E33723A39248005107BB /* FirebaseAPI.swift */; };
		1860E33A23A394E7005107BB /* GoogleService-Info.plist in Resources */ = {isa = PBXBuildFile; fileRef = 1860E33923A394E7005107BB /* GoogleService-Info.plist */; };
		1871DC3323862D2D00757B60 /* SettingTableViewCell.xib in Resources */ = {isa = PBXBuildFile; fileRef = 1871DC3123862D2D00757B60 /* SettingTableViewCell.xib */; };
		1871DC3423862D2D00757B60 /* SettingTableViewCell.swift in Sources */ = {isa = PBXBuildFile; fileRef = 1871DC3223862D2D00757B60 /* SettingTableViewCell.swift */; };
		1887587C23850BE400C8F7EC /* AppDelegate.swift in Sources */ = {isa = PBXBuildFile; fileRef = 1887587B23850BE400C8F7EC /* AppDelegate.swift */; };
		1887587E23850BE400C8F7EC /* SceneDelegate.swift in Sources */ = {isa = PBXBuildFile; fileRef = 1887587D23850BE400C8F7EC /* SceneDelegate.swift */; };
		1887588323850BE400C8F7EC /* Main.storyboard in Resources */ = {isa = PBXBuildFile; fileRef = 1887588123850BE400C8F7EC /* Main.storyboard */; };
		1887588523850BE400C8F7EC /* Assets.xcassets in Resources */ = {isa = PBXBuildFile; fileRef = 1887588423850BE400C8F7EC /* Assets.xcassets */; };
		1887588823850BE400C8F7EC /* LaunchScreen.storyboard in Resources */ = {isa = PBXBuildFile; fileRef = 1887588623850BE400C8F7EC /* LaunchScreen.storyboard */; };
		188758902385100D00C8F7EC /* HomeViewController.swift in Sources */ = {isa = PBXBuildFile; fileRef = 1887588F2385100D00C8F7EC /* HomeViewController.swift */; };
		188758932385104500C8F7EC /* SettingViewController.swift in Sources */ = {isa = PBXBuildFile; fileRef = 188758922385104500C8F7EC /* SettingViewController.swift */; };
		18DA5D09238623EA007DB93E /* ListTableViewCell.xib in Resources */ = {isa = PBXBuildFile; fileRef = 18DA5D08238623EA007DB93E /* ListTableViewCell.xib */; };
		18DA5D0B238623EE007DB93E /* ListTableViewCell.swift in Sources */ = {isa = PBXBuildFile; fileRef = 18DA5D0A238623EE007DB93E /* ListTableViewCell.swift */; };
		18DA5D0D238623FA007DB93E /* ListViewController.swift in Sources */ = {isa = PBXBuildFile; fileRef = 18DA5D0C238623FA007DB93E /* ListViewController.swift */; };
		18DA5D0F23862401007DB93E /* Highlight.swift in Sources */ = {isa = PBXBuildFile; fileRef = 18DA5D0E23862401007DB93E /* Highlight.swift */; };
		B74D88A83B45BEB776CB7E1C /* Pods_Jamie.framework in Frameworks */ = {isa = PBXBuildFile; fileRef = E3100FA26FBBEC2D9F82BA6D /* Pods_Jamie.framework */; };
		CE4BC65C238A687200151056 /* MainTabBarViewController.swift in Sources */ = {isa = PBXBuildFile; fileRef = CE4BC65B238A687200151056 /* MainTabBarViewController.swift */; };
		CE4BC65E238A69C700151056 /* WriteViewController.swift in Sources */ = {isa = PBXBuildFile; fileRef = CE4BC65D238A69C700151056 /* WriteViewController.swift */; };
		FB123A5523C2104300B89C29 /* 나눔손글씨 왼손잡이도 예뻐.ttf in Resources */ = {isa = PBXBuildFile; fileRef = FB123A5423C2104300B89C29 /* 나눔손글씨 왼손잡이도 예뻐.ttf */; };
		FB123A5923C212D100B89C29 /* Colors.swift in Sources */ = {isa = PBXBuildFile; fileRef = FB123A5823C212D100B89C29 /* Colors.swift */; };
		FB3D022F23A3EF32006A7CA0 /* Member.swift in Sources */ = {isa = PBXBuildFile; fileRef = FB3D022E23A3EF32006A7CA0 /* Member.swift */; };
		FBA6E7AD23D4A43E00A8EFC4 /* ListTableHeaderView.swift in Sources */ = {isa = PBXBuildFile; fileRef = FBA6E7AC23D4A43E00A8EFC4 /* ListTableHeaderView.swift */; };
		FBA6E7AF23D4A44E00A8EFC4 /* ListTableHeaderView.xib in Resources */ = {isa = PBXBuildFile; fileRef = FBA6E7AE23D4A44E00A8EFC4 /* ListTableHeaderView.xib */; };
/* End PBXBuildFile section */

/* Begin PBXFileReference section */
		180EC318238D2A5F00C97221 /* CustomNavigationView.swift */ = {isa = PBXFileReference; lastKnownFileType = sourcecode.swift; path = CustomNavigationView.swift; sourceTree = "<group>"; };
		180EC31A238D2A6A00C97221 /* CustomNavigationView.xib */ = {isa = PBXFileReference; lastKnownFileType = file.xib; path = CustomNavigationView.xib; sourceTree = "<group>"; };
		18263E4823911152004018A4 /* Constant.swift */ = {isa = PBXFileReference; lastKnownFileType = sourcecode.swift; path = Constant.swift; sourceTree = "<group>"; };
		185C0356238F9CFF0077D2E9 /* CustomTabBarButtonView.xib */ = {isa = PBXFileReference; lastKnownFileType = file.xib; path = CustomTabBarButtonView.xib; sourceTree = "<group>"; };
		185C0358238F9D180077D2E9 /* CustomTabBarButtonView.swift */ = {isa = PBXFileReference; lastKnownFileType = sourcecode.swift; path = CustomTabBarButtonView.swift; sourceTree = "<group>"; };
		1860E33423A391FD005107BB /* LoginViewController.swift */ = {isa = PBXFileReference; lastKnownFileType = sourcecode.swift; path = LoginViewController.swift; sourceTree = "<group>"; };
		1860E33723A39248005107BB /* FirebaseAPI.swift */ = {isa = PBXFileReference; lastKnownFileType = sourcecode.swift; path = FirebaseAPI.swift; sourceTree = "<group>"; };
		1860E33923A394E7005107BB /* GoogleService-Info.plist */ = {isa = PBXFileReference; fileEncoding = 4; lastKnownFileType = text.plist.xml; path = "GoogleService-Info.plist"; sourceTree = "<group>"; };
		1871DC3123862D2D00757B60 /* SettingTableViewCell.xib */ = {isa = PBXFileReference; fileEncoding = 4; lastKnownFileType = file.xib; path = SettingTableViewCell.xib; sourceTree = "<group>"; };
		1871DC3223862D2D00757B60 /* SettingTableViewCell.swift */ = {isa = PBXFileReference; fileEncoding = 4; lastKnownFileType = sourcecode.swift; path = SettingTableViewCell.swift; sourceTree = "<group>"; };
		1887587823850BE400C8F7EC /* Jamie.app */ = {isa = PBXFileReference; explicitFileType = wrapper.application; includeInIndex = 0; path = Jamie.app; sourceTree = BUILT_PRODUCTS_DIR; };
		1887587B23850BE400C8F7EC /* AppDelegate.swift */ = {isa = PBXFileReference; lastKnownFileType = sourcecode.swift; path = AppDelegate.swift; sourceTree = "<group>"; };
		1887587D23850BE400C8F7EC /* SceneDelegate.swift */ = {isa = PBXFileReference; lastKnownFileType = sourcecode.swift; path = SceneDelegate.swift; sourceTree = "<group>"; };
		1887588223850BE400C8F7EC /* Base */ = {isa = PBXFileReference; lastKnownFileType = file.storyboard; name = Base; path = Base.lproj/Main.storyboard; sourceTree = "<group>"; };
		1887588423850BE400C8F7EC /* Assets.xcassets */ = {isa = PBXFileReference; lastKnownFileType = folder.assetcatalog; path = Assets.xcassets; sourceTree = "<group>"; };
		1887588723850BE400C8F7EC /* Base */ = {isa = PBXFileReference; lastKnownFileType = file.storyboard; name = Base; path = Base.lproj/LaunchScreen.storyboard; sourceTree = "<group>"; };
		1887588923850BE400C8F7EC /* Info.plist */ = {isa = PBXFileReference; lastKnownFileType = text.plist.xml; path = Info.plist; sourceTree = "<group>"; };
		1887588F2385100D00C8F7EC /* HomeViewController.swift */ = {isa = PBXFileReference; lastKnownFileType = sourcecode.swift; name = HomeViewController.swift; path = Jamie/ViewController/HomeViewController.swift; sourceTree = SOURCE_ROOT; };
		188758922385104500C8F7EC /* SettingViewController.swift */ = {isa = PBXFileReference; lastKnownFileType = sourcecode.swift; name = SettingViewController.swift; path = Jamie/ViewController/SettingViewController.swift; sourceTree = SOURCE_ROOT; };
		18DA5D08238623EA007DB93E /* ListTableViewCell.xib */ = {isa = PBXFileReference; fileEncoding = 4; lastKnownFileType = file.xib; path = ListTableViewCell.xib; sourceTree = "<group>"; };
		18DA5D0A238623EE007DB93E /* ListTableViewCell.swift */ = {isa = PBXFileReference; fileEncoding = 4; lastKnownFileType = sourcecode.swift; path = ListTableViewCell.swift; sourceTree = "<group>"; };
		18DA5D0C238623FA007DB93E /* ListViewController.swift */ = {isa = PBXFileReference; fileEncoding = 4; lastKnownFileType = sourcecode.swift; path = ListViewController.swift; sourceTree = "<group>"; };
		18DA5D0E23862401007DB93E /* Highlight.swift */ = {isa = PBXFileReference; fileEncoding = 4; lastKnownFileType = sourcecode.swift; path = Highlight.swift; sourceTree = "<group>"; };
		293998AFA99D50C84BAFB84C /* Pods-Jamie.debug.xcconfig */ = {isa = PBXFileReference; includeInIndex = 1; lastKnownFileType = text.xcconfig; name = "Pods-Jamie.debug.xcconfig"; path = "Target Support Files/Pods-Jamie/Pods-Jamie.debug.xcconfig"; sourceTree = "<group>"; };
		CE4BC65B238A687200151056 /* MainTabBarViewController.swift */ = {isa = PBXFileReference; lastKnownFileType = sourcecode.swift; path = MainTabBarViewController.swift; sourceTree = "<group>"; };
		CE4BC65D238A69C700151056 /* WriteViewController.swift */ = {isa = PBXFileReference; lastKnownFileType = sourcecode.swift; path = WriteViewController.swift; sourceTree = "<group>"; };
		D635428064ABD9B3479C254C /* Pods-Jamie.release.xcconfig */ = {isa = PBXFileReference; includeInIndex = 1; lastKnownFileType = text.xcconfig; name = "Pods-Jamie.release.xcconfig"; path = "Target Support Files/Pods-Jamie/Pods-Jamie.release.xcconfig"; sourceTree = "<group>"; };
		E3100FA26FBBEC2D9F82BA6D /* Pods_Jamie.framework */ = {isa = PBXFileReference; explicitFileType = wrapper.framework; includeInIndex = 0; path = Pods_Jamie.framework; sourceTree = BUILT_PRODUCTS_DIR; };
		FB123A5423C2104300B89C29 /* 나눔손글씨 왼손잡이도 예뻐.ttf */ = {isa = PBXFileReference; lastKnownFileType = file; path = "나눔손글씨 왼손잡이도 예뻐.ttf"; sourceTree = "<group>"; };
		FB123A5823C212D100B89C29 /* Colors.swift */ = {isa = PBXFileReference; lastKnownFileType = sourcecode.swift; path = Colors.swift; sourceTree = "<group>"; };
		FB3D022E23A3EF32006A7CA0 /* Member.swift */ = {isa = PBXFileReference; lastKnownFileType = sourcecode.swift; path = Member.swift; sourceTree = "<group>"; };
		FBA6E7AC23D4A43E00A8EFC4 /* ListTableHeaderView.swift */ = {isa = PBXFileReference; lastKnownFileType = sourcecode.swift; path = ListTableHeaderView.swift; sourceTree = "<group>"; };
		FBA6E7AE23D4A44E00A8EFC4 /* ListTableHeaderView.xib */ = {isa = PBXFileReference; lastKnownFileType = file.xib; path = ListTableHeaderView.xib; sourceTree = "<group>"; };
/* End PBXFileReference section */

/* Begin PBXFrameworksBuildPhase section */
		1887587523850BE400C8F7EC /* Frameworks */ = {
			isa = PBXFrameworksBuildPhase;
			buildActionMask = 2147483647;
			files = (
				B74D88A83B45BEB776CB7E1C /* Pods_Jamie.framework in Frameworks */,
			);
			runOnlyForDeploymentPostprocessing = 0;
		};
/* End PBXFrameworksBuildPhase section */

/* Begin PBXGroup section */
		078EB194F6B4ABC257C004D7 /* Frameworks */ = {
			isa = PBXGroup;
			children = (
				E3100FA26FBBEC2D9F82BA6D /* Pods_Jamie.framework */,
			);
			name = Frameworks;
			sourceTree = "<group>";
		};
		18263E4723911135004018A4 /* Util */ = {
			isa = PBXGroup;
			children = (
				18263E4823911152004018A4 /* Constant.swift */,
				FB123A5823C212D100B89C29 /* Colors.swift */,
			);
			path = Util;
			sourceTree = "<group>";
		};
		1860E33623A39223005107BB /* Firebase */ = {
			isa = PBXGroup;
			children = (
				1860E33723A39248005107BB /* FirebaseAPI.swift */,
			);
			path = Firebase;
			sourceTree = "<group>";
		};
		1887586F23850BE400C8F7EC = {
			isa = PBXGroup;
			children = (
				1887587A23850BE400C8F7EC /* Jamie */,
				1887587923850BE400C8F7EC /* Products */,
				9283A67300DEBD89E4357A89 /* Pods */,
				078EB194F6B4ABC257C004D7 /* Frameworks */,
			);
			sourceTree = "<group>";
		};
		1887587923850BE400C8F7EC /* Products */ = {
			isa = PBXGroup;
			children = (
				1887587823850BE400C8F7EC /* Jamie.app */,
			);
			name = Products;
			sourceTree = "<group>";
		};
		1887587A23850BE400C8F7EC /* Jamie */ = {
			isa = PBXGroup;
			children = (
				1887589B238510F200C8F7EC /* Model */,
				188758982385109800C8F7EC /* ViewController */,
				188758912385102F00C8F7EC /* View */,
				18263E4723911135004018A4 /* Util */,
				1860E33623A39223005107BB /* Firebase */,
				1887589C238510FD00C8F7EC /* StoryBoard */,
				1887587B23850BE400C8F7EC /* AppDelegate.swift */,
				1887587D23850BE400C8F7EC /* SceneDelegate.swift */,
				1860E33923A394E7005107BB /* GoogleService-Info.plist */,
				FB123A5323C20FB500B89C29 /* Font */,
				1887588423850BE400C8F7EC /* Assets.xcassets */,
				1887588623850BE400C8F7EC /* LaunchScreen.storyboard */,
				1887588923850BE400C8F7EC /* Info.plist */,
			);
			path = Jamie;
			sourceTree = "<group>";
		};
		188758912385102F00C8F7EC /* View */ = {
			isa = PBXGroup;
			children = (
				18DA5D0A238623EE007DB93E /* ListTableViewCell.swift */,
				18DA5D08238623EA007DB93E /* ListTableViewCell.xib */,
				FBA6E7AC23D4A43E00A8EFC4 /* ListTableHeaderView.swift */,
				FBA6E7AE23D4A44E00A8EFC4 /* ListTableHeaderView.xib */,
				1871DC3223862D2D00757B60 /* SettingTableViewCell.swift */,
				1871DC3123862D2D00757B60 /* SettingTableViewCell.xib */,
				180EC318238D2A5F00C97221 /* CustomNavigationView.swift */,
				180EC31A238D2A6A00C97221 /* CustomNavigationView.xib */,
				185C0356238F9CFF0077D2E9 /* CustomTabBarButtonView.xib */,
				185C0358238F9D180077D2E9 /* CustomTabBarButtonView.swift */,
			);
			path = View;
			sourceTree = "<group>";
		};
		188758982385109800C8F7EC /* ViewController */ = {
			isa = PBXGroup;
			children = (
				1887588F2385100D00C8F7EC /* HomeViewController.swift */,
				CE4BC65D238A69C700151056 /* WriteViewController.swift */,
				18DA5D0C238623FA007DB93E /* ListViewController.swift */,
				188758922385104500C8F7EC /* SettingViewController.swift */,
				CE4BC65B238A687200151056 /* MainTabBarViewController.swift */,
				1860E33423A391FD005107BB /* LoginViewController.swift */,
			);
			path = ViewController;
			sourceTree = "<group>";
		};
		1887589B238510F200C8F7EC /* Model */ = {
			isa = PBXGroup;
			children = (
				18DA5D0E23862401007DB93E /* Highlight.swift */,
				FB3D022E23A3EF32006A7CA0 /* Member.swift */,
			);
			path = Model;
			sourceTree = "<group>";
		};
		1887589C238510FD00C8F7EC /* StoryBoard */ = {
			isa = PBXGroup;
			children = (
				1887588123850BE400C8F7EC /* Main.storyboard */,
			);
			path = StoryBoard;
			sourceTree = "<group>";
		};
		9283A67300DEBD89E4357A89 /* Pods */ = {
			isa = PBXGroup;
			children = (
				293998AFA99D50C84BAFB84C /* Pods-Jamie.debug.xcconfig */,
				D635428064ABD9B3479C254C /* Pods-Jamie.release.xcconfig */,
			);
			path = Pods;
			sourceTree = "<group>";
		};
		FB123A5323C20FB500B89C29 /* Font */ = {
			isa = PBXGroup;
			children = (
				FB123A5423C2104300B89C29 /* 나눔손글씨 왼손잡이도 예뻐.ttf */,
			);
			path = Font;
			sourceTree = "<group>";
		};
/* End PBXGroup section */

/* Begin PBXNativeTarget section */
		1887587723850BE400C8F7EC /* Jamie */ = {
			isa = PBXNativeTarget;
			buildConfigurationList = 1887588C23850BE400C8F7EC /* Build configuration list for PBXNativeTarget "Jamie" */;
			buildPhases = (
				96A69FBA369B0B70FADC34B8 /* [CP] Check Pods Manifest.lock */,
				1887587423850BE400C8F7EC /* Sources */,
				1887587523850BE400C8F7EC /* Frameworks */,
				1887587623850BE400C8F7EC /* Resources */,
				C50E198663E39798D3CE2CC8 /* [CP] Embed Pods Frameworks */,
				E2C027699E9BC8DD9F9E8156 /* [CP] Copy Pods Resources */,
			);
			buildRules = (
			);
			dependencies = (
			);
			name = Jamie;
			productName = Jamie;
			productReference = 1887587823850BE400C8F7EC /* Jamie.app */;
			productType = "com.apple.product-type.application";
		};
/* End PBXNativeTarget section */

/* Begin PBXProject section */
		1887587023850BE400C8F7EC /* Project object */ = {
			isa = PBXProject;
			attributes = {
				LastSwiftUpdateCheck = 1120;
				LastUpgradeCheck = 1120;
				ORGANIZATIONNAME = yunseo;
				TargetAttributes = {
					1887587723850BE400C8F7EC = {
						CreatedOnToolsVersion = 11.2.1;
					};
				};
			};
			buildConfigurationList = 1887587323850BE400C8F7EC /* Build configuration list for PBXProject "Jamie" */;
			compatibilityVersion = "Xcode 9.3";
			developmentRegion = en;
			hasScannedForEncodings = 0;
			knownRegions = (
				en,
				Base,
			);
			mainGroup = 1887586F23850BE400C8F7EC;
			productRefGroup = 1887587923850BE400C8F7EC /* Products */;
			projectDirPath = "";
			projectRoot = "";
			targets = (
				1887587723850BE400C8F7EC /* Jamie */,
			);
		};
/* End PBXProject section */

/* Begin PBXResourcesBuildPhase section */
		1887587623850BE400C8F7EC /* Resources */ = {
			isa = PBXResourcesBuildPhase;
			buildActionMask = 2147483647;
			files = (
				1887588823850BE400C8F7EC /* LaunchScreen.storyboard in Resources */,
				1860E33A23A394E7005107BB /* GoogleService-Info.plist in Resources */,
				18DA5D09238623EA007DB93E /* ListTableViewCell.xib in Resources */,
				1871DC3323862D2D00757B60 /* SettingTableViewCell.xib in Resources */,
				185C0357238F9CFF0077D2E9 /* CustomTabBarButtonView.xib in Resources */,
				180EC31B238D2A6A00C97221 /* CustomNavigationView.xib in Resources */,
				FBA6E7AF23D4A44E00A8EFC4 /* ListTableHeaderView.xib in Resources */,
				1887588523850BE400C8F7EC /* Assets.xcassets in Resources */,
				1887588323850BE400C8F7EC /* Main.storyboard in Resources */,
				FB123A5523C2104300B89C29 /* 나눔손글씨 왼손잡이도 예뻐.ttf in Resources */,
			);
			runOnlyForDeploymentPostprocessing = 0;
		};
/* End PBXResourcesBuildPhase section */

/* Begin PBXShellScriptBuildPhase section */
		96A69FBA369B0B70FADC34B8 /* [CP] Check Pods Manifest.lock */ = {
			isa = PBXShellScriptBuildPhase;
			buildActionMask = 2147483647;
			files = (
			);
			inputFileListPaths = (
			);
			inputPaths = (
				"${PODS_PODFILE_DIR_PATH}/Podfile.lock",
				"${PODS_ROOT}/Manifest.lock",
			);
			name = "[CP] Check Pods Manifest.lock";
			outputFileListPaths = (
			);
			outputPaths = (
				"$(DERIVED_FILE_DIR)/Pods-Jamie-checkManifestLockResult.txt",
			);
			runOnlyForDeploymentPostprocessing = 0;
			shellPath = /bin/sh;
			shellScript = "diff \"${PODS_PODFILE_DIR_PATH}/Podfile.lock\" \"${PODS_ROOT}/Manifest.lock\" > /dev/null\nif [ $? != 0 ] ; then\n    # print error to STDERR\n    echo \"error: The sandbox is not in sync with the Podfile.lock. Run 'pod install' or update your CocoaPods installation.\" >&2\n    exit 1\nfi\n# This output is used by Xcode 'outputs' to avoid re-running this script phase.\necho \"SUCCESS\" > \"${SCRIPT_OUTPUT_FILE_0}\"\n";
			showEnvVarsInLog = 0;
		};
		C50E198663E39798D3CE2CC8 /* [CP] Embed Pods Frameworks */ = {
			isa = PBXShellScriptBuildPhase;
			buildActionMask = 2147483647;
			files = (
			);
			inputFileListPaths = (
				"${PODS_ROOT}/Target Support Files/Pods-Jamie/Pods-Jamie-frameworks-${CONFIGURATION}-input-files.xcfilelist",
			);
			name = "[CP] Embed Pods Frameworks";
			outputFileListPaths = (
				"${PODS_ROOT}/Target Support Files/Pods-Jamie/Pods-Jamie-frameworks-${CONFIGURATION}-output-files.xcfilelist",
			);
			runOnlyForDeploymentPostprocessing = 0;
			shellPath = /bin/sh;
			shellScript = "\"${PODS_ROOT}/Target Support Files/Pods-Jamie/Pods-Jamie-frameworks.sh\"\n";
			showEnvVarsInLog = 0;
		};
		E2C027699E9BC8DD9F9E8156 /* [CP] Copy Pods Resources */ = {
			isa = PBXShellScriptBuildPhase;
			buildActionMask = 2147483647;
			files = (
			);
			inputFileListPaths = (
				"${PODS_ROOT}/Target Support Files/Pods-Jamie/Pods-Jamie-resources-${CONFIGURATION}-input-files.xcfilelist",
			);
			name = "[CP] Copy Pods Resources";
			outputFileListPaths = (
				"${PODS_ROOT}/Target Support Files/Pods-Jamie/Pods-Jamie-resources-${CONFIGURATION}-output-files.xcfilelist",
			);
			runOnlyForDeploymentPostprocessing = 0;
			shellPath = /bin/sh;
			shellScript = "\"${PODS_ROOT}/Target Support Files/Pods-Jamie/Pods-Jamie-resources.sh\"\n";
			showEnvVarsInLog = 0;
		};
/* End PBXShellScriptBuildPhase section */

/* Begin PBXSourcesBuildPhase section */
		1887587423850BE400C8F7EC /* Sources */ = {
			isa = PBXSourcesBuildPhase;
			buildActionMask = 2147483647;
			files = (
				1860E33523A391FD005107BB /* LoginViewController.swift in Sources */,
				188758932385104500C8F7EC /* SettingViewController.swift in Sources */,
				FBA6E7AD23D4A43E00A8EFC4 /* ListTableHeaderView.swift in Sources */,
				18DA5D0B238623EE007DB93E /* ListTableViewCell.swift in Sources */,
				FB123A5923C212D100B89C29 /* Colors.swift in Sources */,
				1887587C23850BE400C8F7EC /* AppDelegate.swift in Sources */,
				FB3D022F23A3EF32006A7CA0 /* Member.swift in Sources */,
				CE4BC65C238A687200151056 /* MainTabBarViewController.swift in Sources */,
				1871DC3423862D2D00757B60 /* SettingTableViewCell.swift in Sources */,
				18DA5D0F23862401007DB93E /* Highlight.swift in Sources */,
				1887587E23850BE400C8F7EC /* SceneDelegate.swift in Sources */,
				18DA5D0D238623FA007DB93E /* ListViewController.swift in Sources */,
				18263E4923911152004018A4 /* Constant.swift in Sources */,
				180EC319238D2A5F00C97221 /* CustomNavigationView.swift in Sources */,
				185C0359238F9D180077D2E9 /* CustomTabBarButtonView.swift in Sources */,
				CE4BC65E238A69C700151056 /* WriteViewController.swift in Sources */,
				1860E33823A39248005107BB /* FirebaseAPI.swift in Sources */,
				188758902385100D00C8F7EC /* HomeViewController.swift in Sources */,
			);
			runOnlyForDeploymentPostprocessing = 0;
		};
/* End PBXSourcesBuildPhase section */

/* Begin PBXVariantGroup section */
		1887588123850BE400C8F7EC /* Main.storyboard */ = {
			isa = PBXVariantGroup;
			children = (
				1887588223850BE400C8F7EC /* Base */,
			);
			name = Main.storyboard;
			sourceTree = "<group>";
		};
		1887588623850BE400C8F7EC /* LaunchScreen.storyboard */ = {
			isa = PBXVariantGroup;
			children = (
				1887588723850BE400C8F7EC /* Base */,
			);
			name = LaunchScreen.storyboard;
			sourceTree = "<group>";
		};
/* End PBXVariantGroup section */

/* Begin XCBuildConfiguration section */
		1887588A23850BE400C8F7EC /* Debug */ = {
			isa = XCBuildConfiguration;
			buildSettings = {
				ALWAYS_SEARCH_USER_PATHS = NO;
				CLANG_ANALYZER_NONNULL = YES;
				CLANG_ANALYZER_NUMBER_OBJECT_CONVERSION = YES_AGGRESSIVE;
				CLANG_CXX_LANGUAGE_STANDARD = "gnu++14";
				CLANG_CXX_LIBRARY = "libc++";
				CLANG_ENABLE_MODULES = YES;
				CLANG_ENABLE_OBJC_ARC = YES;
				CLANG_ENABLE_OBJC_WEAK = YES;
				CLANG_WARN_BLOCK_CAPTURE_AUTORELEASING = YES;
				CLANG_WARN_BOOL_CONVERSION = YES;
				CLANG_WARN_COMMA = YES;
				CLANG_WARN_CONSTANT_CONVERSION = YES;
				CLANG_WARN_DEPRECATED_OBJC_IMPLEMENTATIONS = YES;
				CLANG_WARN_DIRECT_OBJC_ISA_USAGE = YES_ERROR;
				CLANG_WARN_DOCUMENTATION_COMMENTS = YES;
				CLANG_WARN_EMPTY_BODY = YES;
				CLANG_WARN_ENUM_CONVERSION = YES;
				CLANG_WARN_INFINITE_RECURSION = YES;
				CLANG_WARN_INT_CONVERSION = YES;
				CLANG_WARN_NON_LITERAL_NULL_CONVERSION = YES;
				CLANG_WARN_OBJC_IMPLICIT_RETAIN_SELF = YES;
				CLANG_WARN_OBJC_LITERAL_CONVERSION = YES;
				CLANG_WARN_OBJC_ROOT_CLASS = YES_ERROR;
				CLANG_WARN_RANGE_LOOP_ANALYSIS = YES;
				CLANG_WARN_STRICT_PROTOTYPES = YES;
				CLANG_WARN_SUSPICIOUS_MOVE = YES;
				CLANG_WARN_UNGUARDED_AVAILABILITY = YES_AGGRESSIVE;
				CLANG_WARN_UNREACHABLE_CODE = YES;
				CLANG_WARN__DUPLICATE_METHOD_MATCH = YES;
				COPY_PHASE_STRIP = NO;
				DEBUG_INFORMATION_FORMAT = dwarf;
				ENABLE_STRICT_OBJC_MSGSEND = YES;
				ENABLE_TESTABILITY = YES;
				GCC_C_LANGUAGE_STANDARD = gnu11;
				GCC_DYNAMIC_NO_PIC = NO;
				GCC_NO_COMMON_BLOCKS = YES;
				GCC_OPTIMIZATION_LEVEL = 0;
				GCC_PREPROCESSOR_DEFINITIONS = (
					"DEBUG=1",
					"$(inherited)",
				);
				GCC_WARN_64_TO_32_BIT_CONVERSION = YES;
				GCC_WARN_ABOUT_RETURN_TYPE = YES_ERROR;
				GCC_WARN_UNDECLARED_SELECTOR = YES;
				GCC_WARN_UNINITIALIZED_AUTOS = YES_AGGRESSIVE;
				GCC_WARN_UNUSED_FUNCTION = YES;
				GCC_WARN_UNUSED_VARIABLE = YES;
				IPHONEOS_DEPLOYMENT_TARGET = 13.2;
				MTL_ENABLE_DEBUG_INFO = INCLUDE_SOURCE;
				MTL_FAST_MATH = YES;
				ONLY_ACTIVE_ARCH = YES;
				SDKROOT = iphoneos;
				SWIFT_ACTIVE_COMPILATION_CONDITIONS = DEBUG;
				SWIFT_OPTIMIZATION_LEVEL = "-Onone";
			};
			name = Debug;
		};
		1887588B23850BE400C8F7EC /* Release */ = {
			isa = XCBuildConfiguration;
			buildSettings = {
				ALWAYS_SEARCH_USER_PATHS = NO;
				CLANG_ANALYZER_NONNULL = YES;
				CLANG_ANALYZER_NUMBER_OBJECT_CONVERSION = YES_AGGRESSIVE;
				CLANG_CXX_LANGUAGE_STANDARD = "gnu++14";
				CLANG_CXX_LIBRARY = "libc++";
				CLANG_ENABLE_MODULES = YES;
				CLANG_ENABLE_OBJC_ARC = YES;
				CLANG_ENABLE_OBJC_WEAK = YES;
				CLANG_WARN_BLOCK_CAPTURE_AUTORELEASING = YES;
				CLANG_WARN_BOOL_CONVERSION = YES;
				CLANG_WARN_COMMA = YES;
				CLANG_WARN_CONSTANT_CONVERSION = YES;
				CLANG_WARN_DEPRECATED_OBJC_IMPLEMENTATIONS = YES;
				CLANG_WARN_DIRECT_OBJC_ISA_USAGE = YES_ERROR;
				CLANG_WARN_DOCUMENTATION_COMMENTS = YES;
				CLANG_WARN_EMPTY_BODY = YES;
				CLANG_WARN_ENUM_CONVERSION = YES;
				CLANG_WARN_INFINITE_RECURSION = YES;
				CLANG_WARN_INT_CONVERSION = YES;
				CLANG_WARN_NON_LITERAL_NULL_CONVERSION = YES;
				CLANG_WARN_OBJC_IMPLICIT_RETAIN_SELF = YES;
				CLANG_WARN_OBJC_LITERAL_CONVERSION = YES;
				CLANG_WARN_OBJC_ROOT_CLASS = YES_ERROR;
				CLANG_WARN_RANGE_LOOP_ANALYSIS = YES;
				CLANG_WARN_STRICT_PROTOTYPES = YES;
				CLANG_WARN_SUSPICIOUS_MOVE = YES;
				CLANG_WARN_UNGUARDED_AVAILABILITY = YES_AGGRESSIVE;
				CLANG_WARN_UNREACHABLE_CODE = YES;
				CLANG_WARN__DUPLICATE_METHOD_MATCH = YES;
				COPY_PHASE_STRIP = NO;
				DEBUG_INFORMATION_FORMAT = "dwarf-with-dsym";
				ENABLE_NS_ASSERTIONS = NO;
				ENABLE_STRICT_OBJC_MSGSEND = YES;
				GCC_C_LANGUAGE_STANDARD = gnu11;
				GCC_NO_COMMON_BLOCKS = YES;
				GCC_WARN_64_TO_32_BIT_CONVERSION = YES;
				GCC_WARN_ABOUT_RETURN_TYPE = YES_ERROR;
				GCC_WARN_UNDECLARED_SELECTOR = YES;
				GCC_WARN_UNINITIALIZED_AUTOS = YES_AGGRESSIVE;
				GCC_WARN_UNUSED_FUNCTION = YES;
				GCC_WARN_UNUSED_VARIABLE = YES;
				IPHONEOS_DEPLOYMENT_TARGET = 13.2;
				MTL_ENABLE_DEBUG_INFO = NO;
				MTL_FAST_MATH = YES;
				SDKROOT = iphoneos;
				SWIFT_COMPILATION_MODE = wholemodule;
				SWIFT_OPTIMIZATION_LEVEL = "-O";
				VALIDATE_PRODUCT = YES;
			};
			name = Release;
		};
		1887588D23850BE400C8F7EC /* Debug */ = {
			isa = XCBuildConfiguration;
			baseConfigurationReference = 293998AFA99D50C84BAFB84C /* Pods-Jamie.debug.xcconfig */;
			buildSettings = {
				ASSETCATALOG_COMPILER_APPICON_NAME = AppIcon;
				CODE_SIGN_STYLE = Automatic;
				DEVELOPMENT_TEAM = 4QUS8G24KF;
				INFOPLIST_FILE = Jamie/Info.plist;
				LD_RUNPATH_SEARCH_PATHS = (
					"$(inherited)",
					"@executable_path/Frameworks",
				);
				PRODUCT_BUNDLE_IDENTIFIER = Jasmine.Jamie;
				PRODUCT_NAME = "$(TARGET_NAME)";
				SWIFT_VERSION = 5.0;
				TARGETED_DEVICE_FAMILY = "1,2";
			};
			name = Debug;
		};
		1887588E23850BE400C8F7EC /* Release */ = {
			isa = XCBuildConfiguration;
			baseConfigurationReference = D635428064ABD9B3479C254C /* Pods-Jamie.release.xcconfig */;
			buildSettings = {
				ASSETCATALOG_COMPILER_APPICON_NAME = AppIcon;
				CODE_SIGN_STYLE = Automatic;
				DEVELOPMENT_TEAM = 4QUS8G24KF;
				INFOPLIST_FILE = Jamie/Info.plist;
				LD_RUNPATH_SEARCH_PATHS = (
					"$(inherited)",
					"@executable_path/Frameworks",
				);
				PRODUCT_BUNDLE_IDENTIFIER = Jasmine.Jamie;
				PRODUCT_NAME = "$(TARGET_NAME)";
				SWIFT_VERSION = 5.0;
				TARGETED_DEVICE_FAMILY = "1,2";
			};
			name = Release;
		};
/* End XCBuildConfiguration section */

/* Begin XCConfigurationList section */
		1887587323850BE400C8F7EC /* Build configuration list for PBXProject "Jamie" */ = {
			isa = XCConfigurationList;
			buildConfigurations = (
				1887588A23850BE400C8F7EC /* Debug */,
				1887588B23850BE400C8F7EC /* Release */,
			);
			defaultConfigurationIsVisible = 0;
			defaultConfigurationName = Release;
		};
		1887588C23850BE400C8F7EC /* Build configuration list for PBXNativeTarget "Jamie" */ = {
			isa = XCConfigurationList;
			buildConfigurations = (
				1887588D23850BE400C8F7EC /* Debug */,
				1887588E23850BE400C8F7EC /* Release */,
			);
			defaultConfigurationIsVisible = 0;
			defaultConfigurationName = Release;
		};
/* End XCConfigurationList section */
	};
	rootObject = 1887587023850BE400C8F7EC /* Project object */;
}
